
Microsoft Visual Studio Solution File, Format Version 12.00
# Visual Studio 15
VisualStudioVersion = 15.0.28307.1525
MinimumVisualStudioVersion = 10.0.40219.1
Project("{8BC9CEB8-8B4A-11D0-8D11-00A0C91BC942}") = "TensorRT", "TensorRT\TensorRT.vcxproj", "{6AF45D49-E7C2-41F4-995D-5714C4EB1254}"
EndProject
Global
	GlobalSection(SolutionConfigurationPlatforms) = preSolution
		Debug|x64 = Debug|x64
		Debug|x86 = Debug|x86
		Release|x64 = Release|x64
		Release|x86 = Release|x86
	EndGlobalSection
	GlobalSection(ProjectConfigurationPlatforms) = postSolution
		{6AF45D49-E7C2-41F4-995D-5714C4EB1254}.Debug|x64.ActiveCfg = Debug|x64
		{6AF45D49-E7C2-41F4-995D-5714C4EB1254}.Debug|x64.Build.0 = Debug|x64
		{6AF45D49-E7C2-41F4-995D-5714C4EB1254}.Debug|x86.ActiveCfg = Debug|x64
		{6AF45D49-E7C2-41F4-995D-5714C4EB1254}.Release|x64.ActiveCfg = Release|x64
		{6AF45D49-E7C2-41F4-995D-5714C4EB1254}.Release|x64.Build.0 = Release|x64
		{6AF45D49-E7C2-41F4-995D-5714C4EB1254}.Release|x86.ActiveCfg = Release|x64
	EndGlobalSection
	GlobalSection(SolutionProperties) = preSolution
		HideSolutionNode = FALSE
	EndGlobalSection
	GlobalSection(ExtensibilityGlobals) = postSolution
		SolutionGuid = {C3A8A302-BA2D-4A77-AF74-E22632B7499C}
	EndGlobalSection
EndGlobal
